<?xml version="1.0" encoding="utf-8"?>
<Project ToolsVersion="4.0" xmlns="http://schemas.microsoft.com/developer/msbuild/2003">
  <ItemGroup>
    <Filter Include="Source Files">
      <UniqueIdentifier>{4FC737F1-C7A5-4376-A066-2A32D752A2FF}</UniqueIdentifier>
      <Extensions>cpp;c;cc;cxx;def;odl;idl;hpj;bat;asm;asmx</Extensions>
    </Filter>
    <Filter Include="Header Files">
      <UniqueIdentifier>{93995380-89BD-4b04-88EB-625FBE52EBFB}</UniqueIdentifier>
      <Extensions>h;hh;hpp;hxx;hm;inl;inc;xsd</Extensions>
    </Filter>
    <Filter Include="Resource Files">
      <UniqueIdentifier>{67DA6AB6-F800-4c08-8B7A-83BB121AAD01}</UniqueIdentifier>
      <Extensions>rc;ico;cur;bmp;dlg;rc2;rct;bin;rgs;gif;jpg;jpeg;jpe;resx;tiff;tif;png;wav</Extensions>
    </Filter>
  </ItemGroup>
  <ItemGroup>
    <ClCompile Include="alllogocache\AllLogoCache.cpp">
      <Filter>Source Files</Filter>
    </ClCompile>
    <ClCompile Include="api_expandenvironmentstrings\ExpandEnvironmentStrings.cpp">
      <Filter>Source Files</Filter>
    </ClCompile>
    <ClCompile Include="cmdlinedesensization\CmdLineDesensization.cpp">
      <Filter>Source Files</Filter>
    </ClCompile>
    <ClCompile Include="createservice\CreateService.cpp">
      <Filter>Source Files</Filter>
    </ClCompile>
    <ClCompile Include="deviceiotest\DeviceIOTest.cpp">
      <Filter>Source Files</Filter>
    </ClCompile>
    <ClCompile Include="dictest\DICTest.cpp">
      <Filter>Source Files</Filter>
    </ClCompile>
    <ClCompile Include="enterineachsys\EnterInEachSys.cpp">
      <Filter>Source Files</Filter>
    </ClCompile>
    <ClCompile Include="expandenvironmentstrings\ExpandEnvironmentStrings.cpp">
      <Filter>Source Files</Filter>
    </ClCompile>
    <ClCompile Include="getchdfilebypath\GetChdFileByPath.cpp">
      <Filter>Source Files</Filter>
    </ClCompile>
    <ClCompile Include="getcurloginuser\GetCurLoginUser.cpp">
      <Filter>Source Files</Filter>
    </ClCompile>
    <ClCompile Include="getcurrenttime\GetCurrentTime.cpp">
      <Filter>Source Files</Filter>
    </ClCompile>
    <ClCompile Include="getdominname\GetDominName.cpp">
      <Filter>Source Files</Filter>
    </ClCompile>
    <ClCompile Include="getdrivetype\GetDriveType.cpp">
      <Filter>Source Files</Filter>
    </ClCompile>
    <ClCompile Include="getenvironmentstringsw\GetEnvirmentStrings.cpp">
      <Filter>Source Files</Filter>
    </ClCompile>
    <ClCompile Include="getprocaddress\GetProcaddress.cpp">
      <Filter>Source Files</Filter>
    </ClCompile>
    <ClCompile Include="getprocesspath\GetProcessPath.cpp">
      <Filter>Source Files</Filter>
    </ClCompile>
    <ClCompile Include="getsysinfo\GetCPUNumber.cpp">
      <Filter>Source Files</Filter>
    </ClCompile>
    <ClCompile Include="getsysinfo\main.cpp">
      <Filter>Source Files</Filter>
    </ClCompile>
    <ClCompile Include="getsysinfo\getwindowsstatus\GetWindowsStatus.cpp">
      <Filter>Source Files</Filter>
    </ClCompile>
    <ClCompile Include="gettempdir\GetTempDir.cpp">
      <Filter>Source Files</Filter>
    </ClCompile>
    <ClCompile Include="getusn\GetUSN.cpp">
      <Filter>Source Files</Filter>
    </ClCompile>
    <ClCompile Include="getwindowsstatus\gitWindowsStatus.cpp">
      <Filter>Source Files</Filter>
    </ClCompile>
    <ClCompile Include="hidevolume\HideVolume.cpp">
      <Filter>Source Files</Filter>
    </ClCompile>
    <ClCompile Include="ipoption\GetAbailablePort.cpp">
      <Filter>Source Files</Filter>
    </ClCompile>
    <ClCompile Include="ipoption\GetIpForwardTable.cpp">
      <Filter>Source Files</Filter>
    </ClCompile>
    <ClCompile Include="ipoption\GetIsDeleteDefaultRot.cpp">
      <Filter>Source Files</Filter>
    </ClCompile>
    <ClCompile Include="ipoption\GetNetInfo.cpp">
      <Filter>Source Files</Filter>
    </ClCompile>
    <ClCompile Include="ipoption\GetPort.cpp">
      <Filter>Source Files</Filter>
    </ClCompile>
    <ClCompile Include="ipoption\GetTcpStatistics.cpp">
      <Filter>Source Files</Filter>
    </ClCompile>
    <ClCompile Include="ipoption\ipConvert.cpp">
      <Filter>Source Files</Filter>
    </ClCompile>
    <ClCompile Include="ipoption\main.cpp">
      <Filter>Source Files</Filter>
    </ClCompile>
    <ClCompile Include="movelogs\moveLogs.cpp">
      <Filter>Source Files</Filter>
    </ClCompile>
    <ClCompile Include="multithread\MultiThread.cpp">
      <Filter>Source Files</Filter>
    </ClCompile>
    <ClCompile Include="ncdetection\NcQuery.cpp">
      <Filter>Source Files</Filter>
    </ClCompile>
    <ClCompile Include="netuser\netuserenum\NetUserEnum.cpp">
      <Filter>Source Files</Filter>
    </ClCompile>
    <ClCompile Include="netuser\netusergetinfo\NetUserGetInfo.cpp">
      <Filter>Source Files</Filter>
    </ClCompile>
    <ClCompile Include="netusermodalsget\NetUserModalsGet.cpp">
      <Filter>Source Files</Filter>
    </ClCompile>
    <ClCompile Include="pathfindonpath\PathFindOnPath.cpp">
      <Filter>Source Files</Filter>
    </ClCompile>
    <ClCompile Include="pipeclass\PipeClass.cpp">
      <Filter>Source Files</Filter>
    </ClCompile>
    <ClCompile Include="pipeclass\PipeIPC.cpp">
      <Filter>Source Files</Filter>
    </ClCompile>
    <ClCompile Include="pipeipc\pipeipc.cpp">
      <Filter>Source Files</Filter>
    </ClCompile>
    <ClCompile Include="pipeipc\TAPipeIPC.cpp">
      <Filter>Source Files</Filter>
    </ClCompile>
    <ClCompile Include="pipetest\ClientTest.cpp">
      <Filter>Source Files</Filter>
    </ClCompile>
    <ClCompile Include="queryperformancecounter\QueryPerformanceCounter.cpp">
      <Filter>Source Files</Filter>
    </ClCompile>
    <ClCompile Include="readfile\ReadFile.cpp">
      <Filter>Source Files</Filter>
    </ClCompile>
    <ClCompile Include="reggetvalue\RegGetValue.cpp">
      <Filter>Source Files</Filter>
    </ClCompile>
    <ClCompile Include="regnotifychangekeyvalue\CRegMonitorClass.cpp">
      <Filter>Source Files</Filter>
    </ClCompile>
    <ClCompile Include="regnotifychangekeyvalue\RegNotifyChangeKeyValue .cpp">
      <Filter>Source Files</Filter>
    </ClCompile>
    <ClCompile Include="regopenkey\RegOpenKey.cpp">
      <Filter>Source Files</Filter>
    </ClCompile>
    <ClCompile Include="regtype\RegType.cpp">
      <Filter>Source Files</Filter>
    </ClCompile>
    <ClCompile Include="removeandrestoremountpoint\RemoveAndRestoreMountPoint.cpp">
      <Filter>Source Files</Filter>
    </ClCompile>
    <ClCompile Include="renamelnk\RenameLnk.cpp">
      <Filter>Source Files</Filter>
    </ClCompile>
    <ClCompile Include="routechange\main.cpp">
      <Filter>Source Files</Filter>
    </ClCompile>
    <ClCompile Include="servicecalldll\InjectDll.cpp">
      <Filter>Source Files</Filter>
    </ClCompile>
    <ClCompile Include="servicecalldll\LoadMySqlFun.cpp">
      <Filter>Source Files</Filter>
    </ClCompile>
    <ClCompile Include="servicecalldll\ProcessHelper.cpp">
      <Filter>Source Files</Filter>
    </ClCompile>
    <ClCompile Include="servicecalldll\SimpleService.cpp">
      <Filter>Source Files</Filter>
    </ClCompile>
    <ClCompile Include="servicecalldll\createservice\createservice.cpp">
      <Filter>Source Files</Filter>
    </ClCompile>
    <ClCompile Include="servicecalldll\simpledll\dllmain.cpp">
      <Filter>Source Files</Filter>
    </ClCompile>
    <ClCompile Include="servicecalldll\simpledll\pch.cpp">
      <Filter>Source Files</Filter>
    </ClCompile>
    <ClCompile Include="shchangenotifyregister\SHChangeNotifyRegistr.cpp">
      <Filter>Source Files</Filter>
    </ClCompile>
    <ClCompile Include="shellexecute\ShellExecute.cpp">
      <Filter>Source Files</Filter>
    </ClCompile>
    <ClCompile Include="simpleapicollect\simpleapicollect\API.cpp">
      <Filter>Source Files</Filter>
    </ClCompile>
    <ClCompile Include="simpleapicollect\simpleapicollect\main.cpp">
      <Filter>Source Files</Filter>
    </ClCompile>
    <ClCompile Include="simpleservice\SimpleService.cpp">
      <Filter>Source Files</Filter>
    </ClCompile>
    <ClCompile Include="sspilogin\CPJNNTLMConnetion.cpp">
      <Filter>Source Files</Filter>
    </ClCompile>
    <ClCompile Include="sspilogin\PJNNTLMAuth.cpp">
      <Filter>Source Files</Filter>
    </ClCompile>
    <ClCompile Include="sspilogin\SspiLogin.cpp">
      <Filter>Source Files</Filter>
    </ClCompile>
    <ClCompile Include="sspilogin\SspiNTLMAuth.cpp">
      <Filter>Source Files</Filter>
    </ClCompile>
    <ClCompile Include="test_semaphore_c\threadCtrl.cpp">
      <Filter>Source Files</Filter>
    </ClCompile>
    <ClCompile Include="test_semaphore_d\Test_Semaphore_D.cpp">
      <Filter>Source Files</Filter>
    </ClCompile>
    <ClCompile Include="threadpool_1\apr_md5.cpp">
      <Filter>Source Files</Filter>
    </ClCompile>
    <ClCompile Include="threadpool_1\crypt_blowfish.cpp">
      <Filter>Source Files</Filter>
    </ClCompile>
    <ClCompile Include="threadpool_1\ThreadPools.cpp">
      <Filter>Source Files</Filter>
    </ClCompile>
    <ClCompile Include="threadpool_1\ThreadPool_1.cpp">
      <Filter>Source Files</Filter>
    </ClCompile>
    <ClCompile Include="vldforptr\vldforptr.cpp">
      <Filter>Source Files</Filter>
    </ClCompile>
    <ClCompile Include="waitforsingleobject\WaitForSingleObject.cpp">
      <Filter>Source Files</Filter>
    </ClCompile>
    <ClCompile Include="wmicgetprocess\WmicGetProcess.cpp">
      <Filter>Source Files</Filter>
    </ClCompile>
    <ClCompile Include="wnetcancelconnetion2\WNetCancelConnetion2.cpp">
      <Filter>Source Files</Filter>
    </ClCompile>
    <ClCompile Include="wnetenumresource\WNetEnumResource.cpp">
      <Filter>Source Files</Filter>
    </ClCompile>
    <ClCompile Include="wnetgetconnection\WNetGetConnection.cpp">
      <Filter>Source Files</Filter>
    </ClCompile>
    <ClCompile Include="wnetgetresourceinformation\WNetGetResourceInformation.cpp">
      <Filter>Source Files</Filter>
    </ClCompile>
  </ItemGroup>
  <ItemGroup>
    <ClInclude Include="createservice\targetver.h">
      <Filter>Header Files</Filter>
    </ClInclude>
    <ClInclude Include="getdrivetype\targetver.h">
      <Filter>Header Files</Filter>
    </ClInclude>
    <ClInclude Include="getsysinfo\define.h">
      <Filter>Header Files</Filter>
    </ClInclude>
    <ClInclude Include="getsysinfo\GetCPUNumber.h">
      <Filter>Header Files</Filter>
    </ClInclude>
    <ClInclude Include="getsysinfo\getwindowsstatus\GetWindowsStatus.h">
      <Filter>Header Files</Filter>
    </ClInclude>
    <ClInclude Include="ipoption\define.h">
      <Filter>Header Files</Filter>
    </ClInclude>
    <ClInclude Include="movelogs\resource.h">
      <Filter>Header Files</Filter>
    </ClInclude>
    <ClInclude Include="ncdetection\NcQuery.h">
      <Filter>Header Files</Filter>
    </ClInclude>
    <ClInclude Include="pipeclass\PipeIPC.h">
      <Filter>Header Files</Filter>
    </ClInclude>
    <ClInclude Include="pipeipc\TAPipeIPC.h">
      <Filter>Header Files</Filter>
    </ClInclude>
    <ClInclude Include="regnotifychangekeyvalue\CRegMonitorClass.h">
      <Filter>Header Files</Filter>
    </ClInclude>
    <ClInclude Include="servicecalldll\define.h">
      <Filter>Header Files</Filter>
    </ClInclude>
    <ClInclude Include="servicecalldll\InjectDll.h">
      <Filter>Header Files</Filter>
    </ClInclude>
    <ClInclude Include="servicecalldll\LoadMySqlFun.h">
      <Filter>Header Files</Filter>
    </ClInclude>
    <ClInclude Include="servicecalldll\ProcessHelper.h">
      <Filter>Header Files</Filter>
    </ClInclude>
    <ClInclude Include="servicecalldll\simpledll\framework.h">
      <Filter>Header Files</Filter>
    </ClInclude>
    <ClInclude Include="servicecalldll\simpledll\pch.h">
      <Filter>Header Files</Filter>
    </ClInclude>
    <ClInclude Include="simpleapicollect\simpleapicollect\API.h">
      <Filter>Header Files</Filter>
    </ClInclude>
    <ClInclude Include="sspilogin\CPJNNTLMConnetion.h">
      <Filter>Header Files</Filter>
    </ClInclude>
    <ClInclude Include="sspilogin\PJNNTLMAuth.h">
      <Filter>Header Files</Filter>
    </ClInclude>
    <ClInclude Include="sspilogin\SspiNTLMAuth.h">
      <Filter>Header Files</Filter>
    </ClInclude>
    <ClInclude Include="threadpool_1\apr_md5.h">
      <Filter>Header Files</Filter>
    </ClInclude>
    <ClInclude Include="threadpool_1\crypt_blowfish.h">
      <Filter>Header Files</Filter>
    </ClInclude>
    <ClInclude Include="threadpool_1\ThreadPools.h">
      <Filter>Header Files</Filter>
    </ClInclude>
  </ItemGroup>
</Project>